// !$*UTF8*$!
{
	archiveVersion = 1;
	classes = {
	};
	objectVersion = 55;
	objects = {

/* Begin PBXBuildFile section */
		B449262C280C1E1100B5B5B5 /* kickbaseApp.swift in Sources */ = {isa = PBXBuildFile; fileRef = B449262B280C1E1100B5B5B5 /* kickbaseApp.swift */; };
		B449262E280C1E1100B5B5B5 /* ContentView.swift in Sources */ = {isa = PBXBuildFile; fileRef = B449262D280C1E1100B5B5B5 /* ContentView.swift */; };
		B4492630280C1E1500B5B5B5 /* Assets.xcassets in Resources */ = {isa = PBXBuildFile; fileRef = B449262F280C1E1500B5B5B5 /* Assets.xcassets */; };
		B4492633280C1E1500B5B5B5 /* Preview Assets.xcassets in Resources */ = {isa = PBXBuildFile; fileRef = B4492632280C1E1500B5B5B5 /* Preview Assets.xcassets */; };
		B449263A280C4EFB00B5B5B5 /* BaseView.swift in Sources */ = {isa = PBXBuildFile; fileRef = B4492639280C4EFB00B5B5B5 /* BaseView.swift */; };
		B449263C280C4F1000B5B5B5 /* TransferView.swift in Sources */ = {isa = PBXBuildFile; fileRef = B449263B280C4F1000B5B5B5 /* TransferView.swift */; };
		B449263E280C4F2E00B5B5B5 /* TeamView.swift in Sources */ = {isa = PBXBuildFile; fileRef = B449263D280C4F2E00B5B5B5 /* TeamView.swift */; };
		B4492640280C4F4400B5B5B5 /* LigaView.swift in Sources */ = {isa = PBXBuildFile; fileRef = B449263F280C4F4400B5B5B5 /* LigaView.swift */; };
		B4492642280C4F5F00B5B5B5 /* BundesligaView.swift in Sources */ = {isa = PBXBuildFile; fileRef = B4492641280C4F5F00B5B5B5 /* BundesligaView.swift */; };
		B4492644280C4F8400B5B5B5 /* SettingsView.swift in Sources */ = {isa = PBXBuildFile; fileRef = B4492643280C4F8400B5B5B5 /* SettingsView.swift */; };
		B4492646280C4FED00B5B5B5 /* PlayerData.swift in Sources */ = {isa = PBXBuildFile; fileRef = B4492645280C4FED00B5B5B5 /* PlayerData.swift */; };
		B4492648280C50CD00B5B5B5 /* LiveView.swift in Sources */ = {isa = PBXBuildFile; fileRef = B4492647280C50CD00B5B5B5 /* LiveView.swift */; };
		B449264A280C569D00B5B5B5 /* PlayerDetailView.swift in Sources */ = {isa = PBXBuildFile; fileRef = B4492649280C569D00B5B5B5 /* PlayerDetailView.swift */; };
/* End PBXBuildFile section */

/* Begin PBXFileReference section */
		B4492628280C1E1100B5B5B5 /* kickbase.app */ = {isa = PBXFileReference; explicitFileType = wrapper.application; includeInIndex = 0; path = kickbase.app; sourceTree = BUILT_PRODUCTS_DIR; };
		B449262B280C1E1100B5B5B5 /* kickbaseApp.swift */ = {isa = PBXFileReference; lastKnownFileType = sourcecode.swift; path = kickbaseApp.swift; sourceTree = "<group>"; };
		B449262D280C1E1100B5B5B5 /* ContentView.swift */ = {isa = PBXFileReference; lastKnownFileType = sourcecode.swift; path = ContentView.swift; sourceTree = "<group>"; };
		B449262F280C1E1500B5B5B5 /* Assets.xcassets */ = {isa = PBXFileReference; lastKnownFileType = folder.assetcatalog; path = Assets.xcassets; sourceTree = "<group>"; };
		B4492632280C1E1500B5B5B5 /* Preview Assets.xcassets */ = {isa = PBXFileReference; lastKnownFileType = folder.assetcatalog; path = "Preview Assets.xcassets"; sourceTree = "<group>"; };
		B4492639280C4EFB00B5B5B5 /* BaseView.swift */ = {isa = PBXFileReference; lastKnownFileType = sourcecode.swift; path = BaseView.swift; sourceTree = "<group>"; };
		B449263B280C4F1000B5B5B5 /* TransferView.swift */ = {isa = PBXFileReference; lastKnownFileType = sourcecode.swift; path = TransferView.swift; sourceTree = "<group>"; };
		B449263D280C4F2E00B5B5B5 /* TeamView.swift */ = {isa = PBXFileReference; lastKnownFileType = sourcecode.swift; path = TeamView.swift; sourceTree = "<group>"; };
		B449263F280C4F4400B5B5B5 /* LigaView.swift */ = {isa = PBXFileReference; lastKnownFileType = sourcecode.swift; path = LigaView.swift; sourceTree = "<group>"; };
		B4492641280C4F5F00B5B5B5 /* BundesligaView.swift */ = {isa = PBXFileReference; lastKnownFileType = sourcecode.swift; path = BundesligaView.swift; sourceTree = "<group>"; };
		B4492643280C4F8400B5B5B5 /* SettingsView.swift */ = {isa = PBXFileReference; lastKnownFileType = sourcecode.swift; path = SettingsView.swift; sourceTree = "<group>"; };
		B4492645280C4FED00B5B5B5 /* PlayerData.swift */ = {isa = PBXFileReference; lastKnownFileType = sourcecode.swift; path = PlayerData.swift; sourceTree = "<group>"; };
		B4492647280C50CD00B5B5B5 /* LiveView.swift */ = {isa = PBXFileReference; lastKnownFileType = sourcecode.swift; path = LiveView.swift; sourceTree = "<group>"; };
		B4492649280C569D00B5B5B5 /* PlayerDetailView.swift */ = {isa = PBXFileReference; lastKnownFileType = sourcecode.swift; path = PlayerDetailView.swift; sourceTree = "<group>"; };
/* End PBXFileReference section */

/* Begin PBXFrameworksBuildPhase section */
		B4492625280C1E1100B5B5B5 /* Frameworks */ = {
			isa = PBXFrameworksBuildPhase;
			buildActionMask = 2147483647;
			files = (
			);
			runOnlyForDeploymentPostprocessing = 0;
		};
/* End PBXFrameworksBuildPhase section */

/* Begin PBXGroup section */
		B449261F280C1E1100B5B5B5 = {
			isa = PBXGroup;
			children = (
				B449262A280C1E1100B5B5B5 /* kickbase */,
				B4492629280C1E1100B5B5B5 /* Products */,
			);
			sourceTree = "<group>";
		};
		B4492629280C1E1100B5B5B5 /* Products */ = {
			isa = PBXGroup;
			children = (
				B4492628280C1E1100B5B5B5 /* kickbase.app */,
			);
			name = Products;
			sourceTree = "<group>";
		};
		B449262A280C1E1100B5B5B5 /* kickbase */ = {
			isa = PBXGroup;
			children = (
				B449262B280C1E1100B5B5B5 /* kickbaseApp.swift */,
				B449262D280C1E1100B5B5B5 /* ContentView.swift */,
				B4492649280C569D00B5B5B5 /* PlayerDetailView.swift */,
				B4492647280C50CD00B5B5B5 /* LiveView.swift */,
				B4492645280C4FED00B5B5B5 /* PlayerData.swift */,
				B449262F280C1E1500B5B5B5 /* Assets.xcassets */,
				B4492631280C1E1500B5B5B5 /* Preview Content */,
				B4492639280C4EFB00B5B5B5 /* BaseView.swift */,
				B449263B280C4F1000B5B5B5 /* TransferView.swift */,
				B449263D280C4F2E00B5B5B5 /* TeamView.swift */,
				B449263F280C4F4400B5B5B5 /* LigaView.swift */,
				B4492641280C4F5F00B5B5B5 /* BundesligaView.swift */,
				B4492643280C4F8400B5B5B5 /* SettingsView.swift */,
			);
			path = kickbase;
			sourceTree = "<group>";
		};
		B4492631280C1E1500B5B5B5 /* Preview Content */ = {
			isa = PBXGroup;
			children = (
				B4492632280C1E1500B5B5B5 /* Preview Assets.xcassets */,
			);
			path = "Preview Content";
			sourceTree = "<group>";
		};
/* End PBXGroup section */

/* Begin PBXNativeTarget section */
		B4492627280C1E1100B5B5B5 /* kickbase */ = {
			isa = PBXNativeTarget;
			buildConfigurationList = B4492636280C1E1500B5B5B5 /* Build configuration list for PBXNativeTarget "kickbase" */;
			buildPhases = (
				B4492624280C1E1100B5B5B5 /* Sources */,
				B4492625280C1E1100B5B5B5 /* Frameworks */,
				B4492626280C1E1100B5B5B5 /* Resources */,
			);
			buildRules = (
			);
			dependencies = (
			);
			name = kickbase;
			productName = kickbase;
			productReference = B4492628280C1E1100B5B5B5 /* kickbase.app */;
			productType = "com.apple.product-type.application";
		};
/* End PBXNativeTarget section */

/* Begin PBXProject section */
		B4492620280C1E1100B5B5B5 /* Project object */ = {
			isa = PBXProject;
			attributes = {
				BuildIndependentTargetsInParallel = 1;
				LastSwiftUpdateCheck = 1330;
				LastUpgradeCheck = 1330;
				TargetAttributes = {
					B4492627280C1E1100B5B5B5 = {
						CreatedOnToolsVersion = 13.3.1;
					};
				};
			};
			buildConfigurationList = B4492623280C1E1100B5B5B5 /* Build configuration list for PBXProject "kickbase" */;
			compatibilityVersion = "Xcode 13.0";
			developmentRegion = en;
			hasScannedForEncodings = 0;
			knownRegions = (
				en,
				Base,
			);
			mainGroup = B449261F280C1E1100B5B5B5;
			productRefGroup = B4492629280C1E1100B5B5B5 /* Products */;
			projectDirPath = "";
			projectRoot = "";
			targets = (
				B4492627280C1E1100B5B5B5 /* kickbase */,
			);
		};
/* End PBXProject section */

/* Begin PBXResourcesBuildPhase section */
		B4492626280C1E1100B5B5B5 /* Resources */ = {
			isa = PBXResourcesBuildPhase;
			buildActionMask = 2147483647;
			files = (
				B4492633280C1E1500B5B5B5 /* Preview Assets.xcassets in Resources */,
				B4492630280C1E1500B5B5B5 /* Assets.xcassets in Resources */,
			);
			runOnlyForDeploymentPostprocessing = 0;
		};
/* End PBXResourcesBuildPhase section */

/* Begin PBXSourcesBuildPhase section */
		B4492624280C1E1100B5B5B5 /* Sources */ = {
			isa = PBXSourcesBuildPhase;
			buildActionMask = 2147483647;
			files = (
				B449263A280C4EFB00B5B5B5 /* BaseView.swift in Sources */,
				B4492644280C4F8400B5B5B5 /* SettingsView.swift in Sources */,
				B4492640280C4F4400B5B5B5 /* LigaView.swift in Sources */,
				B449263C280C4F1000B5B5B5 /* TransferView.swift in Sources */,
				B449263E280C4F2E00B5B5B5 /* TeamView.swift in Sources */,
				B449262E280C1E1100B5B5B5 /* ContentView.swift in Sources */,
				B4492648280C50CD00B5B5B5 /* LiveView.swift in Sources */,
				B449264A280C569D00B5B5B5 /* PlayerDetailView.swift in Sources */,
				B4492646280C4FED00B5B5B5 /* PlayerData.swift in Sources */,
				B4492642280C4F5F00B5B5B5 /* BundesligaView.swift in Sources */,
				B449262C280C1E1100B5B5B5 /* kickbaseApp.swift in Sources */,
			);
			runOnlyForDeploymentPostprocessing = 0;
		};
/* End PBXSourcesBuildPhase section */

/* Begin XCBuildConfiguration section */
		B4492634280C1E1500B5B5B5 /* Debug */ = {
			isa = XCBuildConfiguration;
			buildSettings = {
				ALWAYS_SEARCH_USER_PATHS = NO;
				CLANG_ANALYZER_NONNULL = YES;
				CLANG_ANALYZER_NUMBER_OBJECT_CONVERSION = YES_AGGRESSIVE;
				CLANG_CXX_LANGUAGE_STANDARD = "gnu++17";
				CLANG_ENABLE_MODULES = YES;
				CLANG_ENABLE_OBJC_ARC = YES;
				CLANG_ENABLE_OBJC_WEAK = YES;
				CLANG_WARN_BLOCK_CAPTURE_AUTORELEASING = YES;
				CLANG_WARN_BOOL_CONVERSION = YES;
				CLANG_WARN_COMMA = YES;
				CLANG_WARN_CONSTANT_CONVERSION = YES;
				CLANG_WARN_DEPRECATED_OBJC_IMPLEMENTATIONS = YES;
				CLANG_WARN_DIRECT_OBJC_ISA_USAGE = YES_ERROR;
				CLANG_WARN_DOCUMENTATION_COMMENTS = YES;
				CLANG_WARN_EMPTY_BODY = YES;
				CLANG_WARN_ENUM_CONVERSION = YES;
				CLANG_WARN_INFINITE_RECURSION = YES;
				CLANG_WARN_INT_CONVERSION = YES;
				CLANG_WARN_NON_LITERAL_NULL_CONVERSION = YES;
				CLANG_WARN_OBJC_IMPLICIT_RETAIN_SELF = YES;
				CLANG_WARN_OBJC_LITERAL_CONVERSION = YES;
				CLANG_WARN_OBJC_ROOT_CLASS = YES_ERROR;
				CLANG_WARN_QUOTED_INCLUDE_IN_FRAMEWORK_HEADER = YES;
				CLANG_WARN_RANGE_LOOP_ANALYSIS = YES;
				CLANG_WARN_STRICT_PROTOTYPES = YES;
				CLANG_WARN_SUSPICIOUS_MOVE = YES;
				CLANG_WARN_UNGUARDED_AVAILABILITY = YES_AGGRESSIVE;
				CLANG_WARN_UNREACHABLE_CODE = YES;
				CLANG_WARN__DUPLICATE_METHOD_MATCH = YES;
				COPY_PHASE_STRIP = NO;
				DEBUG_INFORMATION_FORMAT = dwarf;
				ENABLE_STRICT_OBJC_MSGSEND = YES;
				ENABLE_TESTABILITY = YES;
				GCC_C_LANGUAGE_STANDARD = gnu11;
				GCC_DYNAMIC_NO_PIC = NO;
				GCC_NO_COMMON_BLOCKS = YES;
				GCC_OPTIMIZATION_LEVEL = 0;
				GCC_PREPROCESSOR_DEFINITIONS = (
					"DEBUG=1",
					"$(inherited)",
				);
				GCC_WARN_64_TO_32_BIT_CONVERSION = YES;
				GCC_WARN_ABOUT_RETURN_TYPE = YES_ERROR;
				GCC_WARN_UNDECLARED_SELECTOR = YES;
				GCC_WARN_UNINITIALIZED_AUTOS = YES_AGGRESSIVE;
				GCC_WARN_UNUSED_FUNCTION = YES;
				GCC_WARN_UNUSED_VARIABLE = YES;
				IPHONEOS_DEPLOYMENT_TARGET = 15.4;
				MTL_ENABLE_DEBUG_INFO = INCLUDE_SOURCE;
				MTL_FAST_MATH = YES;
				ONLY_ACTIVE_ARCH = YES;
				SDKROOT = iphoneos;
				SWIFT_ACTIVE_COMPILATION_CONDITIONS = DEBUG;
				SWIFT_OPTIMIZATION_LEVEL = "-Onone";
			};
			name = Debug;
		};
		B4492635280C1E1500B5B5B5 /* Release */ = {
			isa = XCBuildConfiguration;
			buildSettings = {
				ALWAYS_SEARCH_USER_PATHS = NO;
				CLANG_ANALYZER_NONNULL = YES;
				CLANG_ANALYZER_NUMBER_OBJECT_CONVERSION = YES_AGGRESSIVE;
				CLANG_CXX_LANGUAGE_STANDARD = "gnu++17";
				CLANG_ENABLE_MODULES = YES;
				CLANG_ENABLE_OBJC_ARC = YES;
				CLANG_ENABLE_OBJC_WEAK = YES;
				CLANG_WARN_BLOCK_CAPTURE_AUTORELEASING = YES;
				CLANG_WARN_BOOL_CONVERSION = YES;
				CLANG_WARN_COMMA = YES;
				CLANG_WARN_CONSTANT_CONVERSION = YES;
				CLANG_WARN_DEPRECATED_OBJC_IMPLEMENTATIONS = YES;
				CLANG_WARN_DIRECT_OBJC_ISA_USAGE = YES_ERROR;
				CLANG_WARN_DOCUMENTATION_COMMENTS = YES;
				CLANG_WARN_EMPTY_BODY = YES;
				CLANG_WARN_ENUM_CONVERSION = YES;
				CLANG_WARN_INFINITE_RECURSION = YES;
				CLANG_WARN_INT_CONVERSION = YES;
				CLANG_WARN_NON_LITERAL_NULL_CONVERSION = YES;
				CLANG_WARN_OBJC_IMPLICIT_RETAIN_SELF = YES;
				CLANG_WARN_OBJC_LITERAL_CONVERSION = YES;
				CLANG_WARN_OBJC_ROOT_CLASS = YES_ERROR;
				CLANG_WARN_QUOTED_INCLUDE_IN_FRAMEWORK_HEADER = YES;
				CLANG_WARN_RANGE_LOOP_ANALYSIS = YES;
				CLANG_WARN_STRICT_PROTOTYPES = YES;
				CLANG_WARN_SUSPICIOUS_MOVE = YES;
				CLANG_WARN_UNGUARDED_AVAILABILITY = YES_AGGRESSIVE;
				CLANG_WARN_UNREACHABLE_CODE = YES;
				CLANG_WARN__DUPLICATE_METHOD_MATCH = YES;
				COPY_PHASE_STRIP = NO;
				DEBUG_INFORMATION_FORMAT = "dwarf-with-dsym";
				ENABLE_NS_ASSERTIONS = NO;
				ENABLE_STRICT_OBJC_MSGSEND = YES;
				GCC_C_LANGUAGE_STANDARD = gnu11;
				GCC_NO_COMMON_BLOCKS = YES;
				GCC_WARN_64_TO_32_BIT_CONVERSION = YES;
				GCC_WARN_ABOUT_RETURN_TYPE = YES_ERROR;
				GCC_WARN_UNDECLARED_SELECTOR = YES;
				GCC_WARN_UNINITIALIZED_AUTOS = YES_AGGRESSIVE;
				GCC_WARN_UNUSED_FUNCTION = YES;
				GCC_WARN_UNUSED_VARIABLE = YES;
				IPHONEOS_DEPLOYMENT_TARGET = 15.4;
				MTL_ENABLE_DEBUG_INFO = NO;
				MTL_FAST_MATH = YES;
				SDKROOT = iphoneos;
				SWIFT_COMPILATION_MODE = wholemodule;
				SWIFT_OPTIMIZATION_LEVEL = "-O";
				VALIDATE_PRODUCT = YES;
			};
			name = Release;
		};
		B4492637280C1E1500B5B5B5 /* Debug */ = {
			isa = XCBuildConfiguration;
			buildSettings = {
				ASSETCATALOG_COMPILER_APPICON_NAME = AppIcon;
				ASSETCATALOG_COMPILER_GLOBAL_ACCENT_COLOR_NAME = AccentColor;
				CODE_SIGN_STYLE = Automatic;
				CURRENT_PROJECT_VERSION = 1;
				DEVELOPMENT_ASSET_PATHS = "\"kickbase/Preview Content\"";
				DEVELOPMENT_TEAM = QK64SYTVLG;
				ENABLE_PREVIEWS = YES;
				GENERATE_INFOPLIST_FILE = YES;
				INFOPLIST_KEY_UIApplicationSceneManifest_Generation = YES;
				INFOPLIST_KEY_UIApplicationSupportsIndirectInputEvents = YES;
				INFOPLIST_KEY_UILaunchScreen_Generation = YES;
				INFOPLIST_KEY_UISupportedInterfaceOrientations_iPad = "UIInterfaceOrientationPortrait UIInterfaceOrientationPortraitUpsideDown UIInterfaceOrientationLandscapeLeft UIInterfaceOrientationLandscapeRight";
				INFOPLIST_KEY_UISupportedInterfaceOrientations_iPhone = "UIInterfaceOrientationPortrait UIInterfaceOrientationLandscapeLeft UIInterfaceOrientationLandscapeRight";
				LD_RUNPATH_SEARCH_PATHS = (
					"$(inherited)",
					"@executable_path/Frameworks",
				);
				MARKETING_VERSION = 1.0;
				PRODUCT_BUNDLE_IDENTIFIER = de.dominikrubroeder.kickbase;
				PRODUCT_NAME = "$(TARGET_NAME)";
				SWIFT_EMIT_LOC_STRINGS = YES;
				SWIFT_VERSION = 5.0;
				TARGETED_DEVICE_FAMILY = "1,2";
			};
			name = Debug;
		};
		B4492638280C1E1500B5B5B5 /* Release */ = {
			isa = XCBuildConfiguration;
			buildSettings = {
				ASSETCATALOG_COMPILER_APPICON_NAME = AppIcon;
				ASSETCATALOG_COMPILER_GLOBAL_ACCENT_COLOR_NAME = AccentColor;
				CODE_SIGN_STYLE = Automatic;
				CURRENT_PROJECT_VERSION = 1;
				DEVELOPMENT_ASSET_PATHS = "\"kickbase/Preview Content\"";
				DEVELOPMENT_TEAM = QK64SYTVLG;
				ENABLE_PREVIEWS = YES;
				GENERATE_INFOPLIST_FILE = YES;
				INFOPLIST_KEY_UIApplicationSceneManifest_Generation = YES;
				INFOPLIST_KEY_UIApplicationSupportsIndirectInputEvents = YES;
				INFOPLIST_KEY_UILaunchScreen_Generation = YES;
				INFOPLIST_KEY_UISupportedInterfaceOrientations_iPad = "UIInterfaceOrientationPortrait UIInterfaceOrientationPortraitUpsideDown UIInterfaceOrientationLandscapeLeft UIInterfaceOrientationLandscapeRight";
				INFOPLIST_KEY_UISupportedInterfaceOrientations_iPhone = "UIInterfaceOrientationPortrait UIInterfaceOrientationLandscapeLeft UIInterfaceOrientationLandscapeRight";
				LD_RUNPATH_SEARCH_PATHS = (
					"$(inherited)",
					"@executable_path/Frameworks",
				);
				MARKETING_VERSION = 1.0;
				PRODUCT_BUNDLE_IDENTIFIER = de.dominikrubroeder.kickbase;
				PRODUCT_NAME = "$(TARGET_NAME)";
				SWIFT_EMIT_LOC_STRINGS = YES;
				SWIFT_VERSION = 5.0;
				TARGETED_DEVICE_FAMILY = "1,2";
			};
			name = Release;
		};
/* End XCBuildConfiguration section */

/* Begin XCConfigurationList section */
		B4492623280C1E1100B5B5B5 /* Build configuration list for PBXProject "kickbase" */ = {
			isa = XCConfigurationList;
			buildConfigurations = (
				B4492634280C1E1500B5B5B5 /* Debug */,
				B4492635280C1E1500B5B5B5 /* Release */,
			);
			defaultConfigurationIsVisible = 0;
			defaultConfigurationName = Release;
		};
		B4492636280C1E1500B5B5B5 /* Build configuration list for PBXNativeTarget "kickbase" */ = {
			isa = XCConfigurationList;
			buildConfigurations = (
				B4492637280C1E1500B5B5B5 /* Debug */,
				B4492638280C1E1500B5B5B5 /* Release */,
			);
			defaultConfigurationIsVisible = 0;
			defaultConfigurationName = Release;
		};
/* End XCConfigurationList section */
	};
	rootObject = B4492620280C1E1100B5B5B5 /* Project object */;
}
